
Microsoft Visual Studio Solution File, Format Version 12.00
# Visual Studio Version 17
VisualStudioVersion = 17.3.32804.467
MinimumVisualStudioVersion = 10.0.40219.1
Project("{FAE04EC0-301F-11D3-BF4B-00C04F79EFBC}") = "MyWebSite", "MyWebSite\MyWebSite.csproj", "{F9C475C7-A078-48A8-997B-6915704F4F33}"
EndProject
Project("{FAE04EC0-301F-11D3-BF4B-00C04F79EFBC}") = "Core", "Core\Core.csproj", "{B259F50B-85BD-4797-BA86-3EB1DA3B273D}"
EndProject
Project("{FAE04EC0-301F-11D3-BF4B-00C04F79EFBC}") = "Data", "Data\Data.csproj", "{21B9C09D-ED0B-410D-8FBF-3387A0475EE3}"
EndProject
Global
	GlobalSection(SolutionConfigurationPlatforms) = preSolution
		Debug|Any CPU = Debug|Any CPU
		Release|Any CPU = Release|Any CPU
	EndGlobalSection
	GlobalSection(ProjectConfigurationPlatforms) = postSolution
		{F9C475C7-A078-48A8-997B-6915704F4F33}.Debug|Any CPU.ActiveCfg = Debug|Any CPU
		{F9C475C7-A078-48A8-997B-6915704F4F33}.Debug|Any CPU.Build.0 = Debug|Any CPU
		{F9C475C7-A078-48A8-997B-6915704F4F33}.Release|Any CPU.ActiveCfg = Release|Any CPU
		{F9C475C7-A078-48A8-997B-6915704F4F33}.Release|Any CPU.Build.0 = Release|Any CPU
		{B259F50B-85BD-4797-BA86-3EB1DA3B273D}.Debug|Any CPU.ActiveCfg = Debug|Any CPU
		{B259F50B-85BD-4797-BA86-3EB1DA3B273D}.Debug|Any CPU.Build.0 = Debug|Any CPU
		{B259F50B-85BD-4797-BA86-3EB1DA3B273D}.Release|Any CPU.ActiveCfg = Release|Any CPU
		{B259F50B-85BD-4797-BA86-3EB1DA3B273D}.Release|Any CPU.Build.0 = Release|Any CPU
		{21B9C09D-ED0B-410D-8FBF-3387A0475EE3}.Debug|Any CPU.ActiveCfg = Debug|Any CPU
		{21B9C09D-ED0B-410D-8FBF-3387A0475EE3}.Debug|Any CPU.Build.0 = Debug|Any CPU
		{21B9C09D-ED0B-410D-8FBF-3387A0475EE3}.Release|Any CPU.ActiveCfg = Release|Any CPU
		{21B9C09D-ED0B-410D-8FBF-3387A0475EE3}.Release|Any CPU.Build.0 = Release|Any CPU
	EndGlobalSection
	GlobalSection(SolutionProperties) = preSolution
		HideSolutionNode = FALSE
	EndGlobalSection
	GlobalSection(ExtensibilityGlobals) = postSolution
		SolutionGuid = {44471DC2-2139-4F9F-A95D-3F8E3CEA17CB}
	EndGlobalSection
EndGlobal
